
Microsoft Visual Studio Solution File, Format Version 12.00
# Visual Studio 2013
VisualStudioVersion = 12.0.30723.0
MinimumVisualStudioVersion = 10.0.40219.1
Project("{FAE04EC0-301F-11D3-BF4B-00C04F79EFBC}") = "GoogleAnalytics", "GoogleAnalytics\GoogleAnalytics.csproj", "{522F3259-B5AD-4C35-B96E-0FFCA77F72AF}"
EndProject
Global
	GlobalSection(TeamFoundationVersionControl) = preSolution
		SccNumberOfProjects = 2
		SccEnterpriseProvider = {4CA58AB2-18FA-4F8D-95D4-32DDF27D184C}
		SccTeamFoundationServer = https://blogakyol.visualstudio.com/defaultcollection
		SccLocalPath0 = .
		SccProjectUniqueName1 = GoogleAnalytics\\GoogleAnalytics.csproj
		SccProjectName1 = GoogleAnalytics
		SccLocalPath1 = GoogleAnalytics
	EndGlobalSection
	GlobalSection(SolutionConfigurationPlatforms) = preSolution
		Debug|Any CPU = Debug|Any CPU
		Release|Any CPU = Release|Any CPU
	EndGlobalSection
	GlobalSection(ProjectConfigurationPlatforms) = postSolution
		{522F3259-B5AD-4C35-B96E-0FFCA77F72AF}.Debug|Any CPU.ActiveCfg = Debug|Any CPU
		{522F3259-B5AD-4C35-B96E-0FFCA77F72AF}.Debug|Any CPU.Build.0 = Debug|Any CPU
		{522F3259-B5AD-4C35-B96E-0FFCA77F72AF}.Release|Any CPU.ActiveCfg = Release|Any CPU
		{522F3259-B5AD-4C35-B96E-0FFCA77F72AF}.Release|Any CPU.Build.0 = Release|Any CPU
	EndGlobalSection
	GlobalSection(SolutionProperties) = preSolution
		HideSolutionNode = FALSE
	EndGlobalSection
EndGlobal
